{
  "object": {
    "pins": [
      {
        "package": "Poly",
        "repositoryURL": "https://github.com/alexrk/Poly",
        "state": {
          "branch": "main",
          "revision": "74db2715488895945e28e2c634cecff7ac887bbe",
          "version": null
        }
      }
    ]
  },
  "version": 1
}
